// !$*UTF8*$!
{
	archiveVersion = 1;
	classes = {
	};
	objectVersion = 50;
	objects = {

/* Begin PBXBuildFile section */
		FC17B0FC2111C26F00DDDDA7 /* AppDelegate.swift in Sources */ = {isa = PBXBuildFile; fileRef = FC17B0FB2111C26F00DDDDA7 /* AppDelegate.swift */; };
		FC17B0FE2111C26F00DDDDA7 /* ViewController.swift in Sources */ = {isa = PBXBuildFile; fileRef = FC17B0FD2111C26F00DDDDA7 /* ViewController.swift */; };
		FC17B1012111C26F00DDDDA7 /* Main.storyboard in Resources */ = {isa = PBXBuildFile; fileRef = FC17B0FF2111C26F00DDDDA7 /* Main.storyboard */; };
		FC17B1032111C27800DDDDA7 /* Assets.xcassets in Resources */ = {isa = PBXBuildFile; fileRef = FC17B1022111C27800DDDDA7 /* Assets.xcassets */; };
		FC17B1062111C27800DDDDA7 /* LaunchScreen.storyboard in Resources */ = {isa = PBXBuildFile; fileRef = FC17B1042111C27800DDDDA7 /* LaunchScreen.storyboard */; };
		FC17B1112111C27800DDDDA7 /* iTune_VIPTests.swift in Sources */ = {isa = PBXBuildFile; fileRef = FC17B1102111C27800DDDDA7 /* iTune_VIPTests.swift */; };
		FC17B11C2111C27800DDDDA7 /* iTune_VIPUITests.swift in Sources */ = {isa = PBXBuildFile; fileRef = FC17B11B2111C27800DDDDA7 /* iTune_VIPUITests.swift */; };
		FC17B12C2111C4BE00DDDDA7 /* Track.swift in Sources */ = {isa = PBXBuildFile; fileRef = FC17B12B2111C4BE00DDDDA7 /* Track.swift */; };
		FC17B1312111C71300DDDDA7 /* TrackListBusinessLogic.swift in Sources */ = {isa = PBXBuildFile; fileRef = FC17B1302111C71300DDDDA7 /* TrackListBusinessLogic.swift */; };
		FC17B1332111C73100DDDDA7 /* TrackListInteractor.swift in Sources */ = {isa = PBXBuildFile; fileRef = FC17B1322111C73100DDDDA7 /* TrackListInteractor.swift */; };
		FC17B1352111C74000DDDDA7 /* TrackListPresenter.swift in Sources */ = {isa = PBXBuildFile; fileRef = FC17B1342111C74000DDDDA7 /* TrackListPresenter.swift */; };
		FC17B1372111C7A300DDDDA7 /* TrackListTableViewController.swift in Sources */ = {isa = PBXBuildFile; fileRef = FC17B1362111C7A300DDDDA7 /* TrackListTableViewController.swift */; };
		FC17B13A2111F3FB00DDDDA7 /* ResourceRequest.swift in Sources */ = {isa = PBXBuildFile; fileRef = FC17B1392111F3FB00DDDDA7 /* ResourceRequest.swift */; };
		FC17B13C2111F40F00DDDDA7 /* ParameterEncoding.swift in Sources */ = {isa = PBXBuildFile; fileRef = FC17B13B2111F40F00DDDDA7 /* ParameterEncoding.swift */; };
		FC17B13E2111F41C00DDDDA7 /* NetworkError.swift in Sources */ = {isa = PBXBuildFile; fileRef = FC17B13D2111F41C00DDDDA7 /* NetworkError.swift */; };
		FC17B1402111F42800DDDDA7 /* URLSessionRouter.swift in Sources */ = {isa = PBXBuildFile; fileRef = FC17B13F2111F42800DDDDA7 /* URLSessionRouter.swift */; };
		FC17B1472111F9B500DDDDA7 /* WebServiceManager.swift in Sources */ = {isa = PBXBuildFile; fileRef = FC17B1462111F9B500DDDDA7 /* WebServiceManager.swift */; };
		FC17B1492111FE9A00DDDDA7 /* NetworkRouter.swift in Sources */ = {isa = PBXBuildFile; fileRef = FC17B1482111FE9A00DDDDA7 /* NetworkRouter.swift */; };
		FC17B14B2111FF5000DDDDA7 /* TrackListStore.swift in Sources */ = {isa = PBXBuildFile; fileRef = FC17B14A2111FF5000DDDDA7 /* TrackListStore.swift */; };
		FC51B1CE2112D4130034C01B /* ActivityIndicatorLoadable.swift in Sources */ = {isa = PBXBuildFile; fileRef = FC51B1CD2112D4120034C01B /* ActivityIndicatorLoadable.swift */; };
		FC51B1D12112E4390034C01B /* Extensions.swift in Sources */ = {isa = PBXBuildFile; fileRef = FC51B1D02112E4390034C01B /* Extensions.swift */; };
/* End PBXBuildFile section */

/* Begin PBXContainerItemProxy section */
		FC17B10D2111C27800DDDDA7 /* PBXContainerItemProxy */ = {
			isa = PBXContainerItemProxy;
			containerPortal = FC17B0F02111C26F00DDDDA7 /* Project object */;
			proxyType = 1;
			remoteGlobalIDString = FC17B0F72111C26F00DDDDA7;
			remoteInfo = iTune_VIP;
		};
		FC17B1182111C27800DDDDA7 /* PBXContainerItemProxy */ = {
			isa = PBXContainerItemProxy;
			containerPortal = FC17B0F02111C26F00DDDDA7 /* Project object */;
			proxyType = 1;
			remoteGlobalIDString = FC17B0F72111C26F00DDDDA7;
			remoteInfo = iTune_VIP;
		};
/* End PBXContainerItemProxy section */

/* Begin PBXFileReference section */
		FC17B0F82111C26F00DDDDA7 /* iTune_VIP.app */ = {isa = PBXFileReference; explicitFileType = wrapper.application; includeInIndex = 0; path = iTune_VIP.app; sourceTree = BUILT_PRODUCTS_DIR; };
		FC17B0FB2111C26F00DDDDA7 /* AppDelegate.swift */ = {isa = PBXFileReference; lastKnownFileType = sourcecode.swift; path = AppDelegate.swift; sourceTree = "<group>"; };
		FC17B0FD2111C26F00DDDDA7 /* ViewController.swift */ = {isa = PBXFileReference; lastKnownFileType = sourcecode.swift; path = ViewController.swift; sourceTree = "<group>"; };
		FC17B1002111C26F00DDDDA7 /* Base */ = {isa = PBXFileReference; lastKnownFileType = file.storyboard; name = Base; path = Base.lproj/Main.storyboard; sourceTree = "<group>"; };
		FC17B1022111C27800DDDDA7 /* Assets.xcassets */ = {isa = PBXFileReference; lastKnownFileType = folder.assetcatalog; path = Assets.xcassets; sourceTree = "<group>"; };
		FC17B1052111C27800DDDDA7 /* Base */ = {isa = PBXFileReference; lastKnownFileType = file.storyboard; name = Base; path = Base.lproj/LaunchScreen.storyboard; sourceTree = "<group>"; };
		FC17B1072111C27800DDDDA7 /* Info.plist */ = {isa = PBXFileReference; lastKnownFileType = text.plist.xml; path = Info.plist; sourceTree = "<group>"; };
		FC17B10C2111C27800DDDDA7 /* iTune_VIPTests.xctest */ = {isa = PBXFileReference; explicitFileType = wrapper.cfbundle; includeInIndex = 0; path = iTune_VIPTests.xctest; sourceTree = BUILT_PRODUCTS_DIR; };
		FC17B1102111C27800DDDDA7 /* iTune_VIPTests.swift */ = {isa = PBXFileReference; lastKnownFileType = sourcecode.swift; path = iTune_VIPTests.swift; sourceTree = "<group>"; };
		FC17B1122111C27800DDDDA7 /* Info.plist */ = {isa = PBXFileReference; lastKnownFileType = text.plist.xml; path = Info.plist; sourceTree = "<group>"; };
		FC17B1172111C27800DDDDA7 /* iTune_VIPUITests.xctest */ = {isa = PBXFileReference; explicitFileType = wrapper.cfbundle; includeInIndex = 0; path = iTune_VIPUITests.xctest; sourceTree = BUILT_PRODUCTS_DIR; };
		FC17B11B2111C27800DDDDA7 /* iTune_VIPUITests.swift */ = {isa = PBXFileReference; lastKnownFileType = sourcecode.swift; path = iTune_VIPUITests.swift; sourceTree = "<group>"; };
		FC17B11D2111C27800DDDDA7 /* Info.plist */ = {isa = PBXFileReference; lastKnownFileType = text.plist.xml; path = Info.plist; sourceTree = "<group>"; };
		FC17B12B2111C4BE00DDDDA7 /* Track.swift */ = {isa = PBXFileReference; lastKnownFileType = sourcecode.swift; path = Track.swift; sourceTree = "<group>"; };
		FC17B1302111C71300DDDDA7 /* TrackListBusinessLogic.swift */ = {isa = PBXFileReference; lastKnownFileType = sourcecode.swift; path = TrackListBusinessLogic.swift; sourceTree = "<group>"; };
		FC17B1322111C73100DDDDA7 /* TrackListInteractor.swift */ = {isa = PBXFileReference; lastKnownFileType = sourcecode.swift; path = TrackListInteractor.swift; sourceTree = "<group>"; };
		FC17B1342111C74000DDDDA7 /* TrackListPresenter.swift */ = {isa = PBXFileReference; lastKnownFileType = sourcecode.swift; path = TrackListPresenter.swift; sourceTree = "<group>"; };
		FC17B1362111C7A300DDDDA7 /* TrackListTableViewController.swift */ = {isa = PBXFileReference; lastKnownFileType = sourcecode.swift; path = TrackListTableViewController.swift; sourceTree = "<group>"; };
		FC17B1392111F3FB00DDDDA7 /* ResourceRequest.swift */ = {isa = PBXFileReference; lastKnownFileType = sourcecode.swift; path = ResourceRequest.swift; sourceTree = "<group>"; };
		FC17B13B2111F40F00DDDDA7 /* ParameterEncoding.swift */ = {isa = PBXFileReference; lastKnownFileType = sourcecode.swift; path = ParameterEncoding.swift; sourceTree = "<group>"; };
		FC17B13D2111F41C00DDDDA7 /* NetworkError.swift */ = {isa = PBXFileReference; lastKnownFileType = sourcecode.swift; path = NetworkError.swift; sourceTree = "<group>"; };
		FC17B13F2111F42800DDDDA7 /* URLSessionRouter.swift */ = {isa = PBXFileReference; lastKnownFileType = sourcecode.swift; path = URLSessionRouter.swift; sourceTree = "<group>"; };
		FC17B1462111F9B500DDDDA7 /* WebServiceManager.swift */ = {isa = PBXFileReference; lastKnownFileType = sourcecode.swift; path = WebServiceManager.swift; sourceTree = "<group>"; };
		FC17B1482111FE9A00DDDDA7 /* NetworkRouter.swift */ = {isa = PBXFileReference; lastKnownFileType = sourcecode.swift; path = NetworkRouter.swift; sourceTree = "<group>"; };
		FC17B14A2111FF5000DDDDA7 /* TrackListStore.swift */ = {isa = PBXFileReference; lastKnownFileType = sourcecode.swift; path = TrackListStore.swift; sourceTree = "<group>"; };
		FC51B1CD2112D4120034C01B /* ActivityIndicatorLoadable.swift */ = {isa = PBXFileReference; lastKnownFileType = sourcecode.swift; path = ActivityIndicatorLoadable.swift; sourceTree = "<group>"; };
		FC51B1D02112E4390034C01B /* Extensions.swift */ = {isa = PBXFileReference; lastKnownFileType = sourcecode.swift; path = Extensions.swift; sourceTree = "<group>"; };
/* End PBXFileReference section */

/* Begin PBXFrameworksBuildPhase section */
		FC17B0F52111C26F00DDDDA7 /* Frameworks */ = {
			isa = PBXFrameworksBuildPhase;
			buildActionMask = 2147483647;
			files = (
			);
			runOnlyForDeploymentPostprocessing = 0;
		};
		FC17B1092111C27800DDDDA7 /* Frameworks */ = {
			isa = PBXFrameworksBuildPhase;
			buildActionMask = 2147483647;
			files = (
			);
			runOnlyForDeploymentPostprocessing = 0;
		};
		FC17B1142111C27800DDDDA7 /* Frameworks */ = {
			isa = PBXFrameworksBuildPhase;
			buildActionMask = 2147483647;
			files = (
			);
			runOnlyForDeploymentPostprocessing = 0;
		};
/* End PBXFrameworksBuildPhase section */

/* Begin PBXGroup section */
		FC17B0EF2111C26F00DDDDA7 = {
			isa = PBXGroup;
			children = (
				FC17B0FA2111C26F00DDDDA7 /* iTune_VIP */,
				FC17B10F2111C27800DDDDA7 /* iTune_VIPTests */,
				FC17B11A2111C27800DDDDA7 /* iTune_VIPUITests */,
				FC17B0F92111C26F00DDDDA7 /* Products */,
			);
			sourceTree = "<group>";
		};
		FC17B0F92111C26F00DDDDA7 /* Products */ = {
			isa = PBXGroup;
			children = (
				FC17B0F82111C26F00DDDDA7 /* iTune_VIP.app */,
				FC17B10C2111C27800DDDDA7 /* iTune_VIPTests.xctest */,
				FC17B1172111C27800DDDDA7 /* iTune_VIPUITests.xctest */,
			);
			name = Products;
			sourceTree = "<group>";
		};
		FC17B0FA2111C26F00DDDDA7 /* iTune_VIP */ = {
			isa = PBXGroup;
			children = (
				FC17B12E2111C5DF00DDDDA7 /* Scenes */,
				FC17B1292111C48A00DDDDA7 /* Common */,
				FC17B1382111F3D500DDDDA7 /* NetworkLayer */,
				FC17B0FB2111C26F00DDDDA7 /* AppDelegate.swift */,
				FC17B0FD2111C26F00DDDDA7 /* ViewController.swift */,
				FC17B0FF2111C26F00DDDDA7 /* Main.storyboard */,
				FC17B1022111C27800DDDDA7 /* Assets.xcassets */,
				FC17B1042111C27800DDDDA7 /* LaunchScreen.storyboard */,
				FC17B1072111C27800DDDDA7 /* Info.plist */,
			);
			path = iTune_VIP;
			sourceTree = "<group>";
		};
		FC17B10F2111C27800DDDDA7 /* iTune_VIPTests */ = {
			isa = PBXGroup;
			children = (
				FC17B1102111C27800DDDDA7 /* iTune_VIPTests.swift */,
				FC17B1122111C27800DDDDA7 /* Info.plist */,
			);
			path = iTune_VIPTests;
			sourceTree = "<group>";
		};
		FC17B11A2111C27800DDDDA7 /* iTune_VIPUITests */ = {
			isa = PBXGroup;
			children = (
				FC17B11B2111C27800DDDDA7 /* iTune_VIPUITests.swift */,
				FC17B11D2111C27800DDDDA7 /* Info.plist */,
			);
			path = iTune_VIPUITests;
			sourceTree = "<group>";
		};
		FC17B1292111C48A00DDDDA7 /* Common */ = {
			isa = PBXGroup;
			children = (
				FC51B1CF2112E3FC0034C01B /* Extensions */,
				FC51B1CC2112D3EC0034C01B /* Protocol */,
				FC17B12A2111C49C00DDDDA7 /* Model */,
			);
			path = Common;
			sourceTree = "<group>";
		};
		FC17B12A2111C49C00DDDDA7 /* Model */ = {
			isa = PBXGroup;
			children = (
				FC17B12B2111C4BE00DDDDA7 /* Track.swift */,
			);
			path = Model;
			sourceTree = "<group>";
		};
		FC17B12D2111C57B00DDDDA7 /* TrackList */ = {
			isa = PBXGroup;
			children = (
				FC17B1302111C71300DDDDA7 /* TrackListBusinessLogic.swift */,
				FC17B1322111C73100DDDDA7 /* TrackListInteractor.swift */,
				FC17B1342111C74000DDDDA7 /* TrackListPresenter.swift */,
				FC17B1362111C7A300DDDDA7 /* TrackListTableViewController.swift */,
				FC17B14A2111FF5000DDDDA7 /* TrackListStore.swift */,
			);
			path = TrackList;
			sourceTree = "<group>";
		};
		FC17B12E2111C5DF00DDDDA7 /* Scenes */ = {
			isa = PBXGroup;
			children = (
				FC17B12D2111C57B00DDDDA7 /* TrackList */,
			);
			path = Scenes;
			sourceTree = "<group>";
		};
		FC17B1382111F3D500DDDDA7 /* NetworkLayer */ = {
			isa = PBXGroup;
			children = (
				FC17B1452111F95800DDDDA7 /* Facade */,
				FC17B1392111F3FB00DDDDA7 /* ResourceRequest.swift */,
				FC17B13B2111F40F00DDDDA7 /* ParameterEncoding.swift */,
				FC17B13D2111F41C00DDDDA7 /* NetworkError.swift */,
				FC17B13F2111F42800DDDDA7 /* URLSessionRouter.swift */,
				FC17B1482111FE9A00DDDDA7 /* NetworkRouter.swift */,
			);
			path = NetworkLayer;
			sourceTree = "<group>";
		};
		FC17B1452111F95800DDDDA7 /* Facade */ = {
			isa = PBXGroup;
			children = (
				FC17B1462111F9B500DDDDA7 /* WebServiceManager.swift */,
			);
			path = Facade;
			sourceTree = "<group>";
		};
		FC51B1CC2112D3EC0034C01B /* Protocol */ = {
			isa = PBXGroup;
			children = (
				FC51B1CD2112D4120034C01B /* ActivityIndicatorLoadable.swift */,
			);
			path = Protocol;
			sourceTree = "<group>";
		};
		FC51B1CF2112E3FC0034C01B /* Extensions */ = {
			isa = PBXGroup;
			children = (
				FC51B1D02112E4390034C01B /* Extensions.swift */,
			);
			path = Extensions;
			sourceTree = "<group>";
		};
/* End PBXGroup section */

/* Begin PBXNativeTarget section */
		FC17B0F72111C26F00DDDDA7 /* iTune_VIP */ = {
			isa = PBXNativeTarget;
			buildConfigurationList = FC17B1202111C27800DDDDA7 /* Build configuration list for PBXNativeTarget "iTune_VIP" */;
			buildPhases = (
				FC17B0F42111C26F00DDDDA7 /* Sources */,
				FC17B0F52111C26F00DDDDA7 /* Frameworks */,
				FC17B0F62111C26F00DDDDA7 /* Resources */,
			);
			buildRules = (
			);
			dependencies = (
			);
			name = iTune_VIP;
			productName = iTune_VIP;
			productReference = FC17B0F82111C26F00DDDDA7 /* iTune_VIP.app */;
			productType = "com.apple.product-type.application";
		};
		FC17B10B2111C27800DDDDA7 /* iTune_VIPTests */ = {
			isa = PBXNativeTarget;
			buildConfigurationList = FC17B1232111C27800DDDDA7 /* Build configuration list for PBXNativeTarget "iTune_VIPTests" */;
			buildPhases = (
				FC17B1082111C27800DDDDA7 /* Sources */,
				FC17B1092111C27800DDDDA7 /* Frameworks */,
				FC17B10A2111C27800DDDDA7 /* Resources */,
			);
			buildRules = (
			);
			dependencies = (
				FC17B10E2111C27800DDDDA7 /* PBXTargetDependency */,
			);
			name = iTune_VIPTests;
			productName = iTune_VIPTests;
			productReference = FC17B10C2111C27800DDDDA7 /* iTune_VIPTests.xctest */;
			productType = "com.apple.product-type.bundle.unit-test";
		};
		FC17B1162111C27800DDDDA7 /* iTune_VIPUITests */ = {
			isa = PBXNativeTarget;
			buildConfigurationList = FC17B1262111C27800DDDDA7 /* Build configuration list for PBXNativeTarget "iTune_VIPUITests" */;
			buildPhases = (
				FC17B1132111C27800DDDDA7 /* Sources */,
				FC17B1142111C27800DDDDA7 /* Frameworks */,
				FC17B1152111C27800DDDDA7 /* Resources */,
			);
			buildRules = (
			);
			dependencies = (
				FC17B1192111C27800DDDDA7 /* PBXTargetDependency */,
			);
			name = iTune_VIPUITests;
			productName = iTune_VIPUITests;
			productReference = FC17B1172111C27800DDDDA7 /* iTune_VIPUITests.xctest */;
			productType = "com.apple.product-type.bundle.ui-testing";
		};
/* End PBXNativeTarget section */

/* Begin PBXProject section */
		FC17B0F02111C26F00DDDDA7 /* Project object */ = {
			isa = PBXProject;
			attributes = {
				LastSwiftUpdateCheck = 0940;
				LastUpgradeCheck = 0940;
				ORGANIZATIONNAME = "sreehari m nambiar";
				TargetAttributes = {
					FC17B0F72111C26F00DDDDA7 = {
						CreatedOnToolsVersion = 9.4.1;
					};
					FC17B10B2111C27800DDDDA7 = {
						CreatedOnToolsVersion = 9.4.1;
						TestTargetID = FC17B0F72111C26F00DDDDA7;
					};
					FC17B1162111C27800DDDDA7 = {
						CreatedOnToolsVersion = 9.4.1;
						TestTargetID = FC17B0F72111C26F00DDDDA7;
					};
				};
			};
			buildConfigurationList = FC17B0F32111C26F00DDDDA7 /* Build configuration list for PBXProject "iTune_VIP" */;
			compatibilityVersion = "Xcode 9.3";
			developmentRegion = en;
			hasScannedForEncodings = 0;
			knownRegions = (
				en,
				Base,
			);
			mainGroup = FC17B0EF2111C26F00DDDDA7;
			productRefGroup = FC17B0F92111C26F00DDDDA7 /* Products */;
			projectDirPath = "";
			projectRoot = "";
			targets = (
				FC17B0F72111C26F00DDDDA7 /* iTune_VIP */,
				FC17B10B2111C27800DDDDA7 /* iTune_VIPTests */,
				FC17B1162111C27800DDDDA7 /* iTune_VIPUITests */,
			);
		};
/* End PBXProject section */

/* Begin PBXResourcesBuildPhase section */
		FC17B0F62111C26F00DDDDA7 /* Resources */ = {
			isa = PBXResourcesBuildPhase;
			buildActionMask = 2147483647;
			files = (
				FC17B1062111C27800DDDDA7 /* LaunchScreen.storyboard in Resources */,
				FC17B1032111C27800DDDDA7 /* Assets.xcassets in Resources */,
				FC17B1012111C26F00DDDDA7 /* Main.storyboard in Resources */,
			);
			runOnlyForDeploymentPostprocessing = 0;
		};
		FC17B10A2111C27800DDDDA7 /* Resources */ = {
			isa = PBXResourcesBuildPhase;
			buildActionMask = 2147483647;
			files = (
			);
			runOnlyForDeploymentPostprocessing = 0;
		};
		FC17B1152111C27800DDDDA7 /* Resources */ = {
			isa = PBXResourcesBuildPhase;
			buildActionMask = 2147483647;
			files = (
			);
			runOnlyForDeploymentPostprocessing = 0;
		};
/* End PBXResourcesBuildPhase section */

/* Begin PBXSourcesBuildPhase section */
		FC17B0F42111C26F00DDDDA7 /* Sources */ = {
			isa = PBXSourcesBuildPhase;
			buildActionMask = 2147483647;
			files = (
				FC17B1402111F42800DDDDA7 /* URLSessionRouter.swift in Sources */,
				FC17B14B2111FF5000DDDDA7 /* TrackListStore.swift in Sources */,
				FC17B13C2111F40F00DDDDA7 /* ParameterEncoding.swift in Sources */,
				FC17B1352111C74000DDDDA7 /* TrackListPresenter.swift in Sources */,
				FC17B13A2111F3FB00DDDDA7 /* ResourceRequest.swift in Sources */,
				FC17B1332111C73100DDDDA7 /* TrackListInteractor.swift in Sources */,
				FC17B0FE2111C26F00DDDDA7 /* ViewController.swift in Sources */,
				FC17B0FC2111C26F00DDDDA7 /* AppDelegate.swift in Sources */,
				FC51B1CE2112D4130034C01B /* ActivityIndicatorLoadable.swift in Sources */,
				FC17B1312111C71300DDDDA7 /* TrackListBusinessLogic.swift in Sources */,
				FC17B1492111FE9A00DDDDA7 /* NetworkRouter.swift in Sources */,
				FC51B1D12112E4390034C01B /* Extensions.swift in Sources */,
				FC17B1472111F9B500DDDDA7 /* WebServiceManager.swift in Sources */,
				FC17B1372111C7A300DDDDA7 /* TrackListTableViewController.swift in Sources */,
				FC17B12C2111C4BE00DDDDA7 /* Track.swift in Sources */,
				FC17B13E2111F41C00DDDDA7 /* NetworkError.swift in Sources */,
			);
			runOnlyForDeploymentPostprocessing = 0;
		};
		FC17B1082111C27800DDDDA7 /* Sources */ = {
			isa = PBXSourcesBuildPhase;
			buildActionMask = 2147483647;
			files = (
				FC17B1112111C27800DDDDA7 /* iTune_VIPTests.swift in Sources */,
			);
			runOnlyForDeploymentPostprocessing = 0;
		};
		FC17B1132111C27800DDDDA7 /* Sources */ = {
			isa = PBXSourcesBuildPhase;
			buildActionMask = 2147483647;
			files = (
				FC17B11C2111C27800DDDDA7 /* iTune_VIPUITests.swift in Sources */,
			);
			runOnlyForDeploymentPostprocessing = 0;
		};
/* End PBXSourcesBuildPhase section */

/* Begin PBXTargetDependency section */
		FC17B10E2111C27800DDDDA7 /* PBXTargetDependency */ = {
			isa = PBXTargetDependency;
			target = FC17B0F72111C26F00DDDDA7 /* iTune_VIP */;
			targetProxy = FC17B10D2111C27800DDDDA7 /* PBXContainerItemProxy */;
		};
		FC17B1192111C27800DDDDA7 /* PBXTargetDependency */ = {
			isa = PBXTargetDependency;
			target = FC17B0F72111C26F00DDDDA7 /* iTune_VIP */;
			targetProxy = FC17B1182111C27800DDDDA7 /* PBXContainerItemProxy */;
		};
/* End PBXTargetDependency section */

/* Begin PBXVariantGroup section */
		FC17B0FF2111C26F00DDDDA7 /* Main.storyboard */ = {
			isa = PBXVariantGroup;
			children = (
				FC17B1002111C26F00DDDDA7 /* Base */,
			);
			name = Main.storyboard;
			sourceTree = "<group>";
		};
		FC17B1042111C27800DDDDA7 /* LaunchScreen.storyboard */ = {
			isa = PBXVariantGroup;
			children = (
				FC17B1052111C27800DDDDA7 /* Base */,
			);
			name = LaunchScreen.storyboard;
			sourceTree = "<group>";
		};
/* End PBXVariantGroup section */

/* Begin XCBuildConfiguration section */
		FC17B11E2111C27800DDDDA7 /* Debug */ = {
			isa = XCBuildConfiguration;
			buildSettings = {
				ALWAYS_SEARCH_USER_PATHS = NO;
				CLANG_ANALYZER_NONNULL = YES;
				CLANG_ANALYZER_NUMBER_OBJECT_CONVERSION = YES_AGGRESSIVE;
				CLANG_CXX_LANGUAGE_STANDARD = "gnu++14";
				CLANG_CXX_LIBRARY = "libc++";
				CLANG_ENABLE_MODULES = YES;
				CLANG_ENABLE_OBJC_ARC = YES;
				CLANG_ENABLE_OBJC_WEAK = YES;
				CLANG_WARN_BLOCK_CAPTURE_AUTORELEASING = YES;
				CLANG_WARN_BOOL_CONVERSION = YES;
				CLANG_WARN_COMMA = YES;
				CLANG_WARN_CONSTANT_CONVERSION = YES;
				CLANG_WARN_DEPRECATED_OBJC_IMPLEMENTATIONS = YES;
				CLANG_WARN_DIRECT_OBJC_ISA_USAGE = YES_ERROR;
				CLANG_WARN_DOCUMENTATION_COMMENTS = YES;
				CLANG_WARN_EMPTY_BODY = YES;
				CLANG_WARN_ENUM_CONVERSION = YES;
				CLANG_WARN_INFINITE_RECURSION = YES;
				CLANG_WARN_INT_CONVERSION = YES;
				CLANG_WARN_NON_LITERAL_NULL_CONVERSION = YES;
				CLANG_WARN_OBJC_IMPLICIT_RETAIN_SELF = YES;
				CLANG_WARN_OBJC_LITERAL_CONVERSION = YES;
				CLANG_WARN_OBJC_ROOT_CLASS = YES_ERROR;
				CLANG_WARN_RANGE_LOOP_ANALYSIS = YES;
				CLANG_WARN_STRICT_PROTOTYPES = YES;
				CLANG_WARN_SUSPICIOUS_MOVE = YES;
				CLANG_WARN_UNGUARDED_AVAILABILITY = YES_AGGRESSIVE;
				CLANG_WARN_UNREACHABLE_CODE = YES;
				CLANG_WARN__DUPLICATE_METHOD_MATCH = YES;
				CODE_SIGN_IDENTITY = "iPhone Developer";
				COPY_PHASE_STRIP = NO;
				DEBUG_INFORMATION_FORMAT = dwarf;
				ENABLE_STRICT_OBJC_MSGSEND = YES;
				ENABLE_TESTABILITY = YES;
				GCC_C_LANGUAGE_STANDARD = gnu11;
				GCC_DYNAMIC_NO_PIC = NO;
				GCC_NO_COMMON_BLOCKS = YES;
				GCC_OPTIMIZATION_LEVEL = 0;
				GCC_PREPROCESSOR_DEFINITIONS = (
					"DEBUG=1",
					"$(inherited)",
				);
				GCC_WARN_64_TO_32_BIT_CONVERSION = YES;
				GCC_WARN_ABOUT_RETURN_TYPE = YES_ERROR;
				GCC_WARN_UNDECLARED_SELECTOR = YES;
				GCC_WARN_UNINITIALIZED_AUTOS = YES_AGGRESSIVE;
				GCC_WARN_UNUSED_FUNCTION = YES;
				GCC_WARN_UNUSED_VARIABLE = YES;
				IPHONEOS_DEPLOYMENT_TARGET = 11.4;
				MTL_ENABLE_DEBUG_INFO = YES;
				ONLY_ACTIVE_ARCH = YES;
				SDKROOT = iphoneos;
				SWIFT_ACTIVE_COMPILATION_CONDITIONS = DEBUG;
				SWIFT_OPTIMIZATION_LEVEL = "-Onone";
			};
			name = Debug;
		};
		FC17B11F2111C27800DDDDA7 /* Release */ = {
			isa = XCBuildConfiguration;
			buildSettings = {
				ALWAYS_SEARCH_USER_PATHS = NO;
				CLANG_ANALYZER_NONNULL = YES;
				CLANG_ANALYZER_NUMBER_OBJECT_CONVERSION = YES_AGGRESSIVE;
				CLANG_CXX_LANGUAGE_STANDARD = "gnu++14";
				CLANG_CXX_LIBRARY = "libc++";
				CLANG_ENABLE_MODULES = YES;
				CLANG_ENABLE_OBJC_ARC = YES;
				CLANG_ENABLE_OBJC_WEAK = YES;
				CLANG_WARN_BLOCK_CAPTURE_AUTORELEASING = YES;
				CLANG_WARN_BOOL_CONVERSION = YES;
				CLANG_WARN_COMMA = YES;
				CLANG_WARN_CONSTANT_CONVERSION = YES;
				CLANG_WARN_DEPRECATED_OBJC_IMPLEMENTATIONS = YES;
				CLANG_WARN_DIRECT_OBJC_ISA_USAGE = YES_ERROR;
				CLANG_WARN_DOCUMENTATION_COMMENTS = YES;
				CLANG_WARN_EMPTY_BODY = YES;
				CLANG_WARN_ENUM_CONVERSION = YES;
				CLANG_WARN_INFINITE_RECURSION = YES;
				CLANG_WARN_INT_CONVERSION = YES;
				CLANG_WARN_NON_LITERAL_NULL_CONVERSION = YES;
				CLANG_WARN_OBJC_IMPLICIT_RETAIN_SELF = YES;
				CLANG_WARN_OBJC_LITERAL_CONVERSION = YES;
				CLANG_WARN_OBJC_ROOT_CLASS = YES_ERROR;
				CLANG_WARN_RANGE_LOOP_ANALYSIS = YES;
				CLANG_WARN_STRICT_PROTOTYPES = YES;
				CLANG_WARN_SUSPICIOUS_MOVE = YES;
				CLANG_WARN_UNGUARDED_AVAILABILITY = YES_AGGRESSIVE;
				CLANG_WARN_UNREACHABLE_CODE = YES;
				CLANG_WARN__DUPLICATE_METHOD_MATCH = YES;
				CODE_SIGN_IDENTITY = "iPhone Developer";
				COPY_PHASE_STRIP = NO;
				DEBUG_INFORMATION_FORMAT = "dwarf-with-dsym";
				ENABLE_NS_ASSERTIONS = NO;
				ENABLE_STRICT_OBJC_MSGSEND = YES;
				GCC_C_LANGUAGE_STANDARD = gnu11;
				GCC_NO_COMMON_BLOCKS = YES;
				GCC_WARN_64_TO_32_BIT_CONVERSION = YES;
				GCC_WARN_ABOUT_RETURN_TYPE = YES_ERROR;
				GCC_WARN_UNDECLARED_SELECTOR = YES;
				GCC_WARN_UNINITIALIZED_AUTOS = YES_AGGRESSIVE;
				GCC_WARN_UNUSED_FUNCTION = YES;
				GCC_WARN_UNUSED_VARIABLE = YES;
				IPHONEOS_DEPLOYMENT_TARGET = 11.4;
				MTL_ENABLE_DEBUG_INFO = NO;
				SDKROOT = iphoneos;
				SWIFT_COMPILATION_MODE = wholemodule;
				SWIFT_OPTIMIZATION_LEVEL = "-O";
				VALIDATE_PRODUCT = YES;
			};
			name = Release;
		};
		FC17B1212111C27800DDDDA7 /* Debug */ = {
			isa = XCBuildConfiguration;
			buildSettings = {
				ASSETCATALOG_COMPILER_APPICON_NAME = AppIcon;
				CODE_SIGN_STYLE = Automatic;
				INFOPLIST_FILE = iTune_VIP/Info.plist;
				LD_RUNPATH_SEARCH_PATHS = (
					"$(inherited)",
					"@executable_path/Frameworks",
				);
				PRODUCT_BUNDLE_IDENTIFIER = "sreehari.iTune-VIP";
				PRODUCT_NAME = "$(TARGET_NAME)";
				SWIFT_VERSION = 4.0;
				TARGETED_DEVICE_FAMILY = "1,2";
			};
			name = Debug;
		};
		FC17B1222111C27800DDDDA7 /* Release */ = {
			isa = XCBuildConfiguration;
			buildSettings = {
				ASSETCATALOG_COMPILER_APPICON_NAME = AppIcon;
				CODE_SIGN_STYLE = Automatic;
				INFOPLIST_FILE = iTune_VIP/Info.plist;
				LD_RUNPATH_SEARCH_PATHS = (
					"$(inherited)",
					"@executable_path/Frameworks",
				);
				PRODUCT_BUNDLE_IDENTIFIER = "sreehari.iTune-VIP";
				PRODUCT_NAME = "$(TARGET_NAME)";
				SWIFT_VERSION = 4.0;
				TARGETED_DEVICE_FAMILY = "1,2";
			};
			name = Release;
		};
		FC17B1242111C27800DDDDA7 /* Debug */ = {
			isa = XCBuildConfiguration;
			buildSettings = {
				ALWAYS_EMBED_SWIFT_STANDARD_LIBRARIES = YES;
				BUNDLE_LOADER = "$(TEST_HOST)";
				CODE_SIGN_STYLE = Automatic;
				INFOPLIST_FILE = iTune_VIPTests/Info.plist;
				LD_RUNPATH_SEARCH_PATHS = (
					"$(inherited)",
					"@executable_path/Frameworks",
					"@loader_path/Frameworks",
				);
				PRODUCT_BUNDLE_IDENTIFIER = "sreehari.iTune-VIPTests";
				PRODUCT_NAME = "$(TARGET_NAME)";
				SWIFT_VERSION = 4.0;
				TARGETED_DEVICE_FAMILY = "1,2";
				TEST_HOST = "$(BUILT_PRODUCTS_DIR)/iTune_VIP.app/iTune_VIP";
			};
			name = Debug;
		};
		FC17B1252111C27800DDDDA7 /* Release */ = {
			isa = XCBuildConfiguration;
			buildSettings = {
				ALWAYS_EMBED_SWIFT_STANDARD_LIBRARIES = YES;
				BUNDLE_LOADER = "$(TEST_HOST)";
				CODE_SIGN_STYLE = Automatic;
				INFOPLIST_FILE = iTune_VIPTests/Info.plist;
				LD_RUNPATH_SEARCH_PATHS = (
					"$(inherited)",
					"@executable_path/Frameworks",
					"@loader_path/Frameworks",
				);
				PRODUCT_BUNDLE_IDENTIFIER = "sreehari.iTune-VIPTests";
				PRODUCT_NAME = "$(TARGET_NAME)";
				SWIFT_VERSION = 4.0;
				TARGETED_DEVICE_FAMILY = "1,2";
				TEST_HOST = "$(BUILT_PRODUCTS_DIR)/iTune_VIP.app/iTune_VIP";
			};
			name = Release;
		};
		FC17B1272111C27800DDDDA7 /* Debug */ = {
			isa = XCBuildConfiguration;
			buildSettings = {
				ALWAYS_EMBED_SWIFT_STANDARD_LIBRARIES = YES;
				CODE_SIGN_STYLE = Automatic;
				INFOPLIST_FILE = iTune_VIPUITests/Info.plist;
				LD_RUNPATH_SEARCH_PATHS = (
					"$(inherited)",
					"@executable_path/Frameworks",
					"@loader_path/Frameworks",
				);
				PRODUCT_BUNDLE_IDENTIFIER = "sreehari.iTune-VIPUITests";
				PRODUCT_NAME = "$(TARGET_NAME)";
				SWIFT_VERSION = 4.0;
				TARGETED_DEVICE_FAMILY = "1,2";
				TEST_TARGET_NAME = iTune_VIP;
			};
			name = Debug;
		};
		FC17B1282111C27800DDDDA7 /* Release */ = {
			isa = XCBuildConfiguration;
			buildSettings = {
				ALWAYS_EMBED_SWIFT_STANDARD_LIBRARIES = YES;
				CODE_SIGN_STYLE = Automatic;
				INFOPLIST_FILE = iTune_VIPUITests/Info.plist;
				LD_RUNPATH_SEARCH_PATHS = (
					"$(inherited)",
					"@executable_path/Frameworks",
					"@loader_path/Frameworks",
				);
				PRODUCT_BUNDLE_IDENTIFIER = "sreehari.iTune-VIPUITests";
				PRODUCT_NAME = "$(TARGET_NAME)";
				SWIFT_VERSION = 4.0;
				TARGETED_DEVICE_FAMILY = "1,2";
				TEST_TARGET_NAME = iTune_VIP;
			};
			name = Release;
		};
/* End XCBuildConfiguration section */

/* Begin XCConfigurationList section */
		FC17B0F32111C26F00DDDDA7 /* Build configuration list for PBXProject "iTune_VIP" */ = {
			isa = XCConfigurationList;
			buildConfigurations = (
				FC17B11E2111C27800DDDDA7 /* Debug */,
				FC17B11F2111C27800DDDDA7 /* Release */,
			);
			defaultConfigurationIsVisible = 0;
			defaultConfigurationName = Release;
		};
		FC17B1202111C27800DDDDA7 /* Build configuration list for PBXNativeTarget "iTune_VIP" */ = {
			isa = XCConfigurationList;
			buildConfigurations = (
				FC17B1212111C27800DDDDA7 /* Debug */,
				FC17B1222111C27800DDDDA7 /* Release */,
			);
			defaultConfigurationIsVisible = 0;
			defaultConfigurationName = Release;
		};
		FC17B1232111C27800DDDDA7 /* Build configuration list for PBXNativeTarget "iTune_VIPTests" */ = {
			isa = XCConfigurationList;
			buildConfigurations = (
				FC17B1242111C27800DDDDA7 /* Debug */,
				FC17B1252111C27800DDDDA7 /* Release */,
			);
			defaultConfigurationIsVisible = 0;
			defaultConfigurationName = Release;
		};
		FC17B1262111C27800DDDDA7 /* Build configuration list for PBXNativeTarget "iTune_VIPUITests" */ = {
			isa = XCConfigurationList;
			buildConfigurations = (
				FC17B1272111C27800DDDDA7 /* Debug */,
				FC17B1282111C27800DDDDA7 /* Release */,
			);
			defaultConfigurationIsVisible = 0;
			defaultConfigurationName = Release;
		};
/* End XCConfigurationList section */
	};
	rootObject = FC17B0F02111C26F00DDDDA7 /* Project object */;
}
